// !$*UTF8*$!
{
	archiveVersion = 1;
	classes = {
	};
	objectVersion = 56;
	objects = {

/* Begin PBXBuildFile section */
		750E71282AA9251B00127A52 /* LoginViewController.swift in Sources */ = {isa = PBXBuildFile; fileRef = 750E71272AA9251B00127A52 /* LoginViewController.swift */; };
		750E712A2AA9255E00127A52 /* LoginView.swift in Sources */ = {isa = PBXBuildFile; fileRef = 750E71292AA9255E00127A52 /* LoginView.swift */; };
		750E712C2AA9391800127A52 /* LoginModel.swift in Sources */ = {isa = PBXBuildFile; fileRef = 750E712B2AA9391800127A52 /* LoginModel.swift */; };
		750E712E2AA9392800127A52 /* LoginProtocol.swift in Sources */ = {isa = PBXBuildFile; fileRef = 750E712D2AA9392800127A52 /* LoginProtocol.swift */; };
		750E71302AA9393300127A52 /* LoginRepository.swift in Sources */ = {isa = PBXBuildFile; fileRef = 750E712F2AA9393300127A52 /* LoginRepository.swift */; };
		750E71322AA9394B00127A52 /* LoginViewModel.swift in Sources */ = {isa = PBXBuildFile; fileRef = 750E71312AA9394B00127A52 /* LoginViewModel.swift */; };
		750E71352AA939AF00127A52 /* MockLogin.swift in Sources */ = {isa = PBXBuildFile; fileRef = 750E71342AA939AF00127A52 /* MockLogin.swift */; };
		751B027B2A04689900E3C89F /* GamesListViewController.swift in Sources */ = {isa = PBXBuildFile; fileRef = 751B027A2A04689900E3C89F /* GamesListViewController.swift */; };
		751B027E2A046AF200E3C89F /* GamesListView.swift in Sources */ = {isa = PBXBuildFile; fileRef = 751B027D2A046AF200E3C89F /* GamesListView.swift */; };
		751B02812A046C7400E3C89F /* GamesListDataSource.swift in Sources */ = {isa = PBXBuildFile; fileRef = 751B02802A046C7400E3C89F /* GamesListDataSource.swift */; };
		754D8C422A09642600527A19 /* Game.swift in Sources */ = {isa = PBXBuildFile; fileRef = 754D8C412A09642600527A19 /* Game.swift */; };
		754D8C442A096E9800527A19 /* GamesAPI.swift in Sources */ = {isa = PBXBuildFile; fileRef = 754D8C432A096E9800527A19 /* GamesAPI.swift */; };
		754D8C492A09A54200527A19 /* GameTableCell.swift in Sources */ = {isa = PBXBuildFile; fileRef = 754D8C482A09A54200527A19 /* GameTableCell.swift */; };
		754F391D2ACF65DB0085802D /* AuthenticationResponse.swift in Sources */ = {isa = PBXBuildFile; fileRef = 754F391C2ACF65DB0085802D /* AuthenticationResponse.swift */; };
		754F39212ACF707B0085802D /* GlobalValues.swift in Sources */ = {isa = PBXBuildFile; fileRef = 754F39202ACF707B0085802D /* GlobalValues.swift */; };
		7596F96D2AA6873700874721 /* GamesListViewModel.swift in Sources */ = {isa = PBXBuildFile; fileRef = 7596F96C2AA6873700874721 /* GamesListViewModel.swift */; };
		7596F9792AA69A3700874721 /* GamesListModel.swift in Sources */ = {isa = PBXBuildFile; fileRef = 7596F9782AA69A3700874721 /* GamesListModel.swift */; };
		7596F97B2AA69A4300874721 /* GamesListProtocol.swift in Sources */ = {isa = PBXBuildFile; fileRef = 7596F97A2AA69A4300874721 /* GamesListProtocol.swift */; };
		7596F97D2AA69A5000874721 /* GamesListRepository.swift in Sources */ = {isa = PBXBuildFile; fileRef = 7596F97C2AA69A5000874721 /* GamesListRepository.swift */; };
		75B172AE2ACF152700A6A7BB /* LoginAPI.swift in Sources */ = {isa = PBXBuildFile; fileRef = 75B172AD2ACF152700A6A7BB /* LoginAPI.swift */; };
		75B172B02ACF167E00A6A7BB /* AuthenticationRequest.swift in Sources */ = {isa = PBXBuildFile; fileRef = 75B172AF2ACF167E00A6A7BB /* AuthenticationRequest.swift */; };
		75B3859A2A0430DE000A5CF0 /* AppDelegate.swift in Sources */ = {isa = PBXBuildFile; fileRef = 75B385992A0430DE000A5CF0 /* AppDelegate.swift */; };
		75B3859C2A0430DE000A5CF0 /* SceneDelegate.swift in Sources */ = {isa = PBXBuildFile; fileRef = 75B3859B2A0430DE000A5CF0 /* SceneDelegate.swift */; };
		75B385A32A0430DF000A5CF0 /* Assets.xcassets in Resources */ = {isa = PBXBuildFile; fileRef = 75B385A22A0430DF000A5CF0 /* Assets.xcassets */; };
		75B385A62A0430DF000A5CF0 /* LaunchScreen.storyboard in Resources */ = {isa = PBXBuildFile; fileRef = 75B385A42A0430DF000A5CF0 /* LaunchScreen.storyboard */; };
/* End PBXBuildFile section */

/* Begin PBXFileReference section */
		750E71272AA9251B00127A52 /* LoginViewController.swift */ = {isa = PBXFileReference; lastKnownFileType = sourcecode.swift; path = LoginViewController.swift; sourceTree = "<group>"; };
		750E71292AA9255E00127A52 /* LoginView.swift */ = {isa = PBXFileReference; lastKnownFileType = sourcecode.swift; path = LoginView.swift; sourceTree = "<group>"; };
		750E712B2AA9391800127A52 /* LoginModel.swift */ = {isa = PBXFileReference; lastKnownFileType = sourcecode.swift; path = LoginModel.swift; sourceTree = "<group>"; };
		750E712D2AA9392800127A52 /* LoginProtocol.swift */ = {isa = PBXFileReference; lastKnownFileType = sourcecode.swift; path = LoginProtocol.swift; sourceTree = "<group>"; };
		750E712F2AA9393300127A52 /* LoginRepository.swift */ = {isa = PBXFileReference; lastKnownFileType = sourcecode.swift; path = LoginRepository.swift; sourceTree = "<group>"; };
		750E71312AA9394B00127A52 /* LoginViewModel.swift */ = {isa = PBXFileReference; lastKnownFileType = sourcecode.swift; path = LoginViewModel.swift; sourceTree = "<group>"; };
		750E71342AA939AF00127A52 /* MockLogin.swift */ = {isa = PBXFileReference; lastKnownFileType = sourcecode.swift; path = MockLogin.swift; sourceTree = "<group>"; };
		751B027A2A04689900E3C89F /* GamesListViewController.swift */ = {isa = PBXFileReference; lastKnownFileType = sourcecode.swift; path = GamesListViewController.swift; sourceTree = "<group>"; };
		751B027D2A046AF200E3C89F /* GamesListView.swift */ = {isa = PBXFileReference; lastKnownFileType = sourcecode.swift; path = GamesListView.swift; sourceTree = "<group>"; };
		751B02802A046C7400E3C89F /* GamesListDataSource.swift */ = {isa = PBXFileReference; lastKnownFileType = sourcecode.swift; path = GamesListDataSource.swift; sourceTree = "<group>"; };
		754D8C412A09642600527A19 /* Game.swift */ = {isa = PBXFileReference; lastKnownFileType = sourcecode.swift; path = Game.swift; sourceTree = "<group>"; };
		754D8C432A096E9800527A19 /* GamesAPI.swift */ = {isa = PBXFileReference; lastKnownFileType = sourcecode.swift; path = GamesAPI.swift; sourceTree = "<group>"; };
		754D8C482A09A54200527A19 /* GameTableCell.swift */ = {isa = PBXFileReference; lastKnownFileType = sourcecode.swift; path = GameTableCell.swift; sourceTree = "<group>"; };
		754F391C2ACF65DB0085802D /* AuthenticationResponse.swift */ = {isa = PBXFileReference; lastKnownFileType = sourcecode.swift; path = AuthenticationResponse.swift; sourceTree = "<group>"; };
		754F39202ACF707B0085802D /* GlobalValues.swift */ = {isa = PBXFileReference; lastKnownFileType = sourcecode.swift; path = GlobalValues.swift; sourceTree = "<group>"; };
		7596F96C2AA6873700874721 /* GamesListViewModel.swift */ = {isa = PBXFileReference; lastKnownFileType = sourcecode.swift; path = GamesListViewModel.swift; sourceTree = "<group>"; };
		7596F9782AA69A3700874721 /* GamesListModel.swift */ = {isa = PBXFileReference; lastKnownFileType = sourcecode.swift; path = GamesListModel.swift; sourceTree = "<group>"; };
		7596F97A2AA69A4300874721 /* GamesListProtocol.swift */ = {isa = PBXFileReference; lastKnownFileType = sourcecode.swift; path = GamesListProtocol.swift; sourceTree = "<group>"; };
		7596F97C2AA69A5000874721 /* GamesListRepository.swift */ = {isa = PBXFileReference; lastKnownFileType = sourcecode.swift; path = GamesListRepository.swift; sourceTree = "<group>"; };
		75B172AD2ACF152700A6A7BB /* LoginAPI.swift */ = {isa = PBXFileReference; lastKnownFileType = sourcecode.swift; path = LoginAPI.swift; sourceTree = "<group>"; };
		75B172AF2ACF167E00A6A7BB /* AuthenticationRequest.swift */ = {isa = PBXFileReference; lastKnownFileType = sourcecode.swift; path = AuthenticationRequest.swift; sourceTree = "<group>"; };
		75B385962A0430DE000A5CF0 /* WingsJourney.app */ = {isa = PBXFileReference; explicitFileType = wrapper.application; includeInIndex = 0; path = WingsJourney.app; sourceTree = BUILT_PRODUCTS_DIR; };
		75B385992A0430DE000A5CF0 /* AppDelegate.swift */ = {isa = PBXFileReference; lastKnownFileType = sourcecode.swift; path = AppDelegate.swift; sourceTree = "<group>"; };
		75B3859B2A0430DE000A5CF0 /* SceneDelegate.swift */ = {isa = PBXFileReference; lastKnownFileType = sourcecode.swift; path = SceneDelegate.swift; sourceTree = "<group>"; };
		75B385A22A0430DF000A5CF0 /* Assets.xcassets */ = {isa = PBXFileReference; lastKnownFileType = folder.assetcatalog; path = Assets.xcassets; sourceTree = "<group>"; };
		75B385A52A0430DF000A5CF0 /* Base */ = {isa = PBXFileReference; lastKnownFileType = file.storyboard; name = Base; path = Base.lproj/LaunchScreen.storyboard; sourceTree = "<group>"; };
		75B385A72A0430DF000A5CF0 /* Info.plist */ = {isa = PBXFileReference; lastKnownFileType = text.plist.xml; path = Info.plist; sourceTree = "<group>"; };
/* End PBXFileReference section */

/* Begin PBXFrameworksBuildPhase section */
		75B385932A0430DE000A5CF0 /* Frameworks */ = {
			isa = PBXFrameworksBuildPhase;
			buildActionMask = 2147483647;
			files = (
			);
			runOnlyForDeploymentPostprocessing = 0;
		};
/* End PBXFrameworksBuildPhase section */

/* Begin PBXGroup section */
		750E71222AA9249A00127A52 /* Login */ = {
			isa = PBXGroup;
			children = (
				75B172AC2ACF151200A6A7BB /* APISetup */,
				750E71242AA924AA00127A52 /* Presentation */,
				750E71232AA924A400127A52 /* Data */,
			);
			path = Login;
			sourceTree = "<group>";
		};
		750E71232AA924A400127A52 /* Data */ = {
			isa = PBXGroup;
			children = (
				750E712B2AA9391800127A52 /* LoginModel.swift */,
				750E712D2AA9392800127A52 /* LoginProtocol.swift */,
				750E712F2AA9393300127A52 /* LoginRepository.swift */,
			);
			path = Data;
			sourceTree = "<group>";
		};
		750E71242AA924AA00127A52 /* Presentation */ = {
			isa = PBXGroup;
			children = (
				750E71262AA924C900127A52 /* ViewModel */,
				750E71252AA924BF00127A52 /* View */,
			);
			path = Presentation;
			sourceTree = "<group>";
		};
		750E71252AA924BF00127A52 /* View */ = {
			isa = PBXGroup;
			children = (
				750E71272AA9251B00127A52 /* LoginViewController.swift */,
				750E71292AA9255E00127A52 /* LoginView.swift */,
			);
			path = View;
			sourceTree = "<group>";
		};
		750E71262AA924C900127A52 /* ViewModel */ = {
			isa = PBXGroup;
			children = (
				750E71312AA9394B00127A52 /* LoginViewModel.swift */,
			);
			path = ViewModel;
			sourceTree = "<group>";
		};
		750E71332AA9399F00127A52 /* Mocks */ = {
			isa = PBXGroup;
			children = (
				750E71342AA939AF00127A52 /* MockLogin.swift */,
			);
			path = Mocks;
			sourceTree = "<group>";
		};
		751B02792A04688500E3C89F /* Sources */ = {
			isa = PBXGroup;
			children = (
				754F391E2ACF70450085802D /* Global */,
				750E71332AA9399F00127A52 /* Mocks */,
				750E71222AA9249A00127A52 /* Login */,
				7596F96E2AA68C0D00874721 /* GamesList */,
			);
			path = Sources;
			sourceTree = "<group>";
		};
		751B027C2A046ACB00E3C89F /* View */ = {
			isa = PBXGroup;
			children = (
				751B027A2A04689900E3C89F /* GamesListViewController.swift */,
				751B027D2A046AF200E3C89F /* GamesListView.swift */,
			);
			path = View;
			sourceTree = "<group>";
		};
		751B027F2A046C5700E3C89F /* TableViewSetup */ = {
			isa = PBXGroup;
			children = (
				751B02802A046C7400E3C89F /* GamesListDataSource.swift */,
				754D8C482A09A54200527A19 /* GameTableCell.swift */,
			);
			path = TableViewSetup;
			sourceTree = "<group>";
		};
		754D8C402A09640000527A19 /* APISetup */ = {
			isa = PBXGroup;
			children = (
				754D8C412A09642600527A19 /* Game.swift */,
				754D8C432A096E9800527A19 /* GamesAPI.swift */,
			);
			path = APISetup;
			sourceTree = "<group>";
		};
		754F391E2ACF70450085802D /* Global */ = {
			isa = PBXGroup;
			children = (
				754F39202ACF707B0085802D /* GlobalValues.swift */,
			);
			path = Global;
			sourceTree = "<group>";
		};
		7596F96B2AA6871B00874721 /* ViewModel */ = {
			isa = PBXGroup;
			children = (
				7596F96C2AA6873700874721 /* GamesListViewModel.swift */,
			);
			path = ViewModel;
			sourceTree = "<group>";
		};
		7596F96E2AA68C0D00874721 /* GamesList */ = {
			isa = PBXGroup;
			children = (
				754D8C402A09640000527A19 /* APISetup */,
				7596F9772AA69A2800874721 /* Data */,
				7596F96F2AA68C1900874721 /* Presentation */,
			);
			path = GamesList;
			sourceTree = "<group>";
		};
		7596F96F2AA68C1900874721 /* Presentation */ = {
			isa = PBXGroup;
			children = (
				751B027F2A046C5700E3C89F /* TableViewSetup */,
				7596F96B2AA6871B00874721 /* ViewModel */,
				751B027C2A046ACB00E3C89F /* View */,
			);
			path = Presentation;
			sourceTree = "<group>";
		};
		7596F9772AA69A2800874721 /* Data */ = {
			isa = PBXGroup;
			children = (
				7596F9782AA69A3700874721 /* GamesListModel.swift */,
				7596F97A2AA69A4300874721 /* GamesListProtocol.swift */,
				7596F97C2AA69A5000874721 /* GamesListRepository.swift */,
			);
			path = Data;
			sourceTree = "<group>";
		};
		75B172AC2ACF151200A6A7BB /* APISetup */ = {
			isa = PBXGroup;
			children = (
				75B172AD2ACF152700A6A7BB /* LoginAPI.swift */,
				75B172AF2ACF167E00A6A7BB /* AuthenticationRequest.swift */,
				754F391C2ACF65DB0085802D /* AuthenticationResponse.swift */,
			);
			path = APISetup;
			sourceTree = "<group>";
		};
		75B3858D2A0430DE000A5CF0 = {
			isa = PBXGroup;
			children = (
				75B385982A0430DE000A5CF0 /* WingsJourney */,
				75B385972A0430DE000A5CF0 /* Products */,
			);
			sourceTree = "<group>";
		};
		75B385972A0430DE000A5CF0 /* Products */ = {
			isa = PBXGroup;
			children = (
				75B385962A0430DE000A5CF0 /* WingsJourney.app */,
			);
			name = Products;
			sourceTree = "<group>";
		};
		75B385982A0430DE000A5CF0 /* WingsJourney */ = {
			isa = PBXGroup;
			children = (
				751B02792A04688500E3C89F /* Sources */,
				75B39DD02A04591700BDA056 /* Resources */,
				75B39DCF2A0458F200BDA056 /* Application */,
				75B385A72A0430DF000A5CF0 /* Info.plist */,
			);
			path = WingsJourney;
			sourceTree = "<group>";
		};
		75B39DCF2A0458F200BDA056 /* Application */ = {
			isa = PBXGroup;
			children = (
				75B385992A0430DE000A5CF0 /* AppDelegate.swift */,
				75B3859B2A0430DE000A5CF0 /* SceneDelegate.swift */,
				75B385A42A0430DF000A5CF0 /* LaunchScreen.storyboard */,
			);
			path = Application;
			sourceTree = "<group>";
		};
		75B39DD02A04591700BDA056 /* Resources */ = {
			isa = PBXGroup;
			children = (
				75B385A22A0430DF000A5CF0 /* Assets.xcassets */,
			);
			path = Resources;
			sourceTree = "<group>";
		};
/* End PBXGroup section */

/* Begin PBXNativeTarget section */
		75B385952A0430DE000A5CF0 /* WingsJourney */ = {
			isa = PBXNativeTarget;
			buildConfigurationList = 75B385AA2A0430DF000A5CF0 /* Build configuration list for PBXNativeTarget "WingsJourney" */;
			buildPhases = (
				75B385922A0430DE000A5CF0 /* Sources */,
				75B385932A0430DE000A5CF0 /* Frameworks */,
				75B385942A0430DE000A5CF0 /* Resources */,
			);
			buildRules = (
			);
			dependencies = (
			);
			name = WingsJourney;
			productName = WingsJourney;
			productReference = 75B385962A0430DE000A5CF0 /* WingsJourney.app */;
			productType = "com.apple.product-type.application";
		};
/* End PBXNativeTarget section */

/* Begin PBXProject section */
		75B3858E2A0430DE000A5CF0 /* Project object */ = {
			isa = PBXProject;
			attributes = {
				BuildIndependentTargetsInParallel = 1;
				LastSwiftUpdateCheck = 1430;
				LastUpgradeCheck = 1430;
				TargetAttributes = {
					75B385952A0430DE000A5CF0 = {
						CreatedOnToolsVersion = 14.3;
					};
				};
			};
			buildConfigurationList = 75B385912A0430DE000A5CF0 /* Build configuration list for PBXProject "WingsJourney" */;
			compatibilityVersion = "Xcode 14.0";
			developmentRegion = en;
			hasScannedForEncodings = 0;
			knownRegions = (
				en,
				Base,
			);
			mainGroup = 75B3858D2A0430DE000A5CF0;
			productRefGroup = 75B385972A0430DE000A5CF0 /* Products */;
			projectDirPath = "";
			projectRoot = "";
			targets = (
				75B385952A0430DE000A5CF0 /* WingsJourney */,
			);
		};
/* End PBXProject section */

/* Begin PBXResourcesBuildPhase section */
		75B385942A0430DE000A5CF0 /* Resources */ = {
			isa = PBXResourcesBuildPhase;
			buildActionMask = 2147483647;
			files = (
				75B385A62A0430DF000A5CF0 /* LaunchScreen.storyboard in Resources */,
				75B385A32A0430DF000A5CF0 /* Assets.xcassets in Resources */,
			);
			runOnlyForDeploymentPostprocessing = 0;
		};
/* End PBXResourcesBuildPhase section */

/* Begin PBXSourcesBuildPhase section */
		75B385922A0430DE000A5CF0 /* Sources */ = {
			isa = PBXSourcesBuildPhase;
			buildActionMask = 2147483647;
			files = (
				754D8C492A09A54200527A19 /* GameTableCell.swift in Sources */,
				7596F97D2AA69A5000874721 /* GamesListRepository.swift in Sources */,
				751B02812A046C7400E3C89F /* GamesListDataSource.swift in Sources */,
				754F391D2ACF65DB0085802D /* AuthenticationResponse.swift in Sources */,
				754D8C442A096E9800527A19 /* GamesAPI.swift in Sources */,
				7596F9792AA69A3700874721 /* GamesListModel.swift in Sources */,
				754D8C422A09642600527A19 /* Game.swift in Sources */,
				75B3859A2A0430DE000A5CF0 /* AppDelegate.swift in Sources */,
				754F39212ACF707B0085802D /* GlobalValues.swift in Sources */,
				750E71302AA9393300127A52 /* LoginRepository.swift in Sources */,
				750E71322AA9394B00127A52 /* LoginViewModel.swift in Sources */,
				750E71352AA939AF00127A52 /* MockLogin.swift in Sources */,
				75B3859C2A0430DE000A5CF0 /* SceneDelegate.swift in Sources */,
				750E712A2AA9255E00127A52 /* LoginView.swift in Sources */,
				75B172B02ACF167E00A6A7BB /* AuthenticationRequest.swift in Sources */,
				75B172AE2ACF152700A6A7BB /* LoginAPI.swift in Sources */,
				750E712E2AA9392800127A52 /* LoginProtocol.swift in Sources */,
				751B027E2A046AF200E3C89F /* GamesListView.swift in Sources */,
				750E712C2AA9391800127A52 /* LoginModel.swift in Sources */,
				7596F97B2AA69A4300874721 /* GamesListProtocol.swift in Sources */,
				7596F96D2AA6873700874721 /* GamesListViewModel.swift in Sources */,
				750E71282AA9251B00127A52 /* LoginViewController.swift in Sources */,
				751B027B2A04689900E3C89F /* GamesListViewController.swift in Sources */,
			);
			runOnlyForDeploymentPostprocessing = 0;
		};
/* End PBXSourcesBuildPhase section */

/* Begin PBXVariantGroup section */
		75B385A42A0430DF000A5CF0 /* LaunchScreen.storyboard */ = {
			isa = PBXVariantGroup;
			children = (
				75B385A52A0430DF000A5CF0 /* Base */,
			);
			name = LaunchScreen.storyboard;
			sourceTree = "<group>";
		};
/* End PBXVariantGroup section */

/* Begin XCBuildConfiguration section */
		75B385A82A0430DF000A5CF0 /* Debug */ = {
			isa = XCBuildConfiguration;
			buildSettings = {
				ALWAYS_SEARCH_USER_PATHS = NO;
				CLANG_ANALYZER_NONNULL = YES;
				CLANG_ANALYZER_NUMBER_OBJECT_CONVERSION = YES_AGGRESSIVE;
				CLANG_CXX_LANGUAGE_STANDARD = "gnu++20";
				CLANG_ENABLE_MODULES = YES;
				CLANG_ENABLE_OBJC_ARC = YES;
				CLANG_ENABLE_OBJC_WEAK = YES;
				CLANG_WARN_BLOCK_CAPTURE_AUTORELEASING = YES;
				CLANG_WARN_BOOL_CONVERSION = YES;
				CLANG_WARN_COMMA = YES;
				CLANG_WARN_CONSTANT_CONVERSION = YES;
				CLANG_WARN_DEPRECATED_OBJC_IMPLEMENTATIONS = YES;
				CLANG_WARN_DIRECT_OBJC_ISA_USAGE = YES_ERROR;
				CLANG_WARN_DOCUMENTATION_COMMENTS = YES;
				CLANG_WARN_EMPTY_BODY = YES;
				CLANG_WARN_ENUM_CONVERSION = YES;
				CLANG_WARN_INFINITE_RECURSION = YES;
				CLANG_WARN_INT_CONVERSION = YES;
				CLANG_WARN_NON_LITERAL_NULL_CONVERSION = YES;
				CLANG_WARN_OBJC_IMPLICIT_RETAIN_SELF = YES;
				CLANG_WARN_OBJC_LITERAL_CONVERSION = YES;
				CLANG_WARN_OBJC_ROOT_CLASS = YES_ERROR;
				CLANG_WARN_QUOTED_INCLUDE_IN_FRAMEWORK_HEADER = YES;
				CLANG_WARN_RANGE_LOOP_ANALYSIS = YES;
				CLANG_WARN_STRICT_PROTOTYPES = YES;
				CLANG_WARN_SUSPICIOUS_MOVE = YES;
				CLANG_WARN_UNGUARDED_AVAILABILITY = YES_AGGRESSIVE;
				CLANG_WARN_UNREACHABLE_CODE = YES;
				CLANG_WARN__DUPLICATE_METHOD_MATCH = YES;
				COPY_PHASE_STRIP = NO;
				DEBUG_INFORMATION_FORMAT = dwarf;
				ENABLE_STRICT_OBJC_MSGSEND = YES;
				ENABLE_TESTABILITY = YES;
				GCC_C_LANGUAGE_STANDARD = gnu11;
				GCC_DYNAMIC_NO_PIC = NO;
				GCC_NO_COMMON_BLOCKS = YES;
				GCC_OPTIMIZATION_LEVEL = 0;
				GCC_PREPROCESSOR_DEFINITIONS = (
					"DEBUG=1",
					"$(inherited)",
				);
				GCC_WARN_64_TO_32_BIT_CONVERSION = YES;
				GCC_WARN_ABOUT_RETURN_TYPE = YES_ERROR;
				GCC_WARN_UNDECLARED_SELECTOR = YES;
				GCC_WARN_UNINITIALIZED_AUTOS = YES_AGGRESSIVE;
				GCC_WARN_UNUSED_FUNCTION = YES;
				GCC_WARN_UNUSED_VARIABLE = YES;
				IPHONEOS_DEPLOYMENT_TARGET = 16.4;
				MTL_ENABLE_DEBUG_INFO = INCLUDE_SOURCE;
				MTL_FAST_MATH = YES;
				ONLY_ACTIVE_ARCH = YES;
				SDKROOT = iphoneos;
				SWIFT_ACTIVE_COMPILATION_CONDITIONS = DEBUG;
				SWIFT_OPTIMIZATION_LEVEL = "-Onone";
			};
			name = Debug;
		};
		75B385A92A0430DF000A5CF0 /* Release */ = {
			isa = XCBuildConfiguration;
			buildSettings = {
				ALWAYS_SEARCH_USER_PATHS = NO;
				CLANG_ANALYZER_NONNULL = YES;
				CLANG_ANALYZER_NUMBER_OBJECT_CONVERSION = YES_AGGRESSIVE;
				CLANG_CXX_LANGUAGE_STANDARD = "gnu++20";
				CLANG_ENABLE_MODULES = YES;
				CLANG_ENABLE_OBJC_ARC = YES;
				CLANG_ENABLE_OBJC_WEAK = YES;
				CLANG_WARN_BLOCK_CAPTURE_AUTORELEASING = YES;
				CLANG_WARN_BOOL_CONVERSION = YES;
				CLANG_WARN_COMMA = YES;
				CLANG_WARN_CONSTANT_CONVERSION = YES;
				CLANG_WARN_DEPRECATED_OBJC_IMPLEMENTATIONS = YES;
				CLANG_WARN_DIRECT_OBJC_ISA_USAGE = YES_ERROR;
				CLANG_WARN_DOCUMENTATION_COMMENTS = YES;
				CLANG_WARN_EMPTY_BODY = YES;
				CLANG_WARN_ENUM_CONVERSION = YES;
				CLANG_WARN_INFINITE_RECURSION = YES;
				CLANG_WARN_INT_CONVERSION = YES;
				CLANG_WARN_NON_LITERAL_NULL_CONVERSION = YES;
				CLANG_WARN_OBJC_IMPLICIT_RETAIN_SELF = YES;
				CLANG_WARN_OBJC_LITERAL_CONVERSION = YES;
				CLANG_WARN_OBJC_ROOT_CLASS = YES_ERROR;
				CLANG_WARN_QUOTED_INCLUDE_IN_FRAMEWORK_HEADER = YES;
				CLANG_WARN_RANGE_LOOP_ANALYSIS = YES;
				CLANG_WARN_STRICT_PROTOTYPES = YES;
				CLANG_WARN_SUSPICIOUS_MOVE = YES;
				CLANG_WARN_UNGUARDED_AVAILABILITY = YES_AGGRESSIVE;
				CLANG_WARN_UNREACHABLE_CODE = YES;
				CLANG_WARN__DUPLICATE_METHOD_MATCH = YES;
				COPY_PHASE_STRIP = NO;
				DEBUG_INFORMATION_FORMAT = "dwarf-with-dsym";
				ENABLE_NS_ASSERTIONS = NO;
				ENABLE_STRICT_OBJC_MSGSEND = YES;
				GCC_C_LANGUAGE_STANDARD = gnu11;
				GCC_NO_COMMON_BLOCKS = YES;
				GCC_WARN_64_TO_32_BIT_CONVERSION = YES;
				GCC_WARN_ABOUT_RETURN_TYPE = YES_ERROR;
				GCC_WARN_UNDECLARED_SELECTOR = YES;
				GCC_WARN_UNINITIALIZED_AUTOS = YES_AGGRESSIVE;
				GCC_WARN_UNUSED_FUNCTION = YES;
				GCC_WARN_UNUSED_VARIABLE = YES;
				IPHONEOS_DEPLOYMENT_TARGET = 16.4;
				MTL_ENABLE_DEBUG_INFO = NO;
				MTL_FAST_MATH = YES;
				SDKROOT = iphoneos;
				SWIFT_COMPILATION_MODE = wholemodule;
				SWIFT_OPTIMIZATION_LEVEL = "-O";
				VALIDATE_PRODUCT = YES;
			};
			name = Release;
		};
		75B385AB2A0430DF000A5CF0 /* Debug */ = {
			isa = XCBuildConfiguration;
			buildSettings = {
				ASSETCATALOG_COMPILER_APPICON_NAME = AppIcon;
				ASSETCATALOG_COMPILER_GLOBAL_ACCENT_COLOR_NAME = AccentColor;
				CODE_SIGN_STYLE = Automatic;
				CURRENT_PROJECT_VERSION = 1;
				DEVELOPMENT_TEAM = QTHJWL4J8Y;
				GENERATE_INFOPLIST_FILE = YES;
				INFOPLIST_FILE = WingsJourney/Info.plist;
				INFOPLIST_KEY_UIApplicationSupportsIndirectInputEvents = YES;
				INFOPLIST_KEY_UILaunchStoryboardName = LaunchScreen;
				INFOPLIST_KEY_UIMainStoryboardFile = "";
				INFOPLIST_KEY_UISupportedInterfaceOrientations_iPad = "UIInterfaceOrientationPortrait UIInterfaceOrientationPortraitUpsideDown UIInterfaceOrientationLandscapeLeft UIInterfaceOrientationLandscapeRight";
				INFOPLIST_KEY_UISupportedInterfaceOrientations_iPhone = "UIInterfaceOrientationPortrait UIInterfaceOrientationLandscapeLeft UIInterfaceOrientationLandscapeRight";
				LD_RUNPATH_SEARCH_PATHS = (
					"$(inherited)",
					"@executable_path/Frameworks",
				);
				MARKETING_VERSION = 1.0;
				PRODUCT_BUNDLE_IDENTIFIER = com.forthenight.WingsJourney;
				PRODUCT_NAME = "$(TARGET_NAME)";
				SWIFT_EMIT_LOC_STRINGS = YES;
				SWIFT_VERSION = 5.0;
				TARGETED_DEVICE_FAMILY = "1,2";
			};
			name = Debug;
		};
		75B385AC2A0430DF000A5CF0 /* Release */ = {
			isa = XCBuildConfiguration;
			buildSettings = {
				ASSETCATALOG_COMPILER_APPICON_NAME = AppIcon;
				ASSETCATALOG_COMPILER_GLOBAL_ACCENT_COLOR_NAME = AccentColor;
				CODE_SIGN_STYLE = Automatic;
				CURRENT_PROJECT_VERSION = 1;
				DEVELOPMENT_TEAM = QTHJWL4J8Y;
				GENERATE_INFOPLIST_FILE = YES;
				INFOPLIST_FILE = WingsJourney/Info.plist;
				INFOPLIST_KEY_UIApplicationSupportsIndirectInputEvents = YES;
				INFOPLIST_KEY_UILaunchStoryboardName = LaunchScreen;
				INFOPLIST_KEY_UIMainStoryboardFile = "";
				INFOPLIST_KEY_UISupportedInterfaceOrientations_iPad = "UIInterfaceOrientationPortrait UIInterfaceOrientationPortraitUpsideDown UIInterfaceOrientationLandscapeLeft UIInterfaceOrientationLandscapeRight";
				INFOPLIST_KEY_UISupportedInterfaceOrientations_iPhone = "UIInterfaceOrientationPortrait UIInterfaceOrientationLandscapeLeft UIInterfaceOrientationLandscapeRight";
				LD_RUNPATH_SEARCH_PATHS = (
					"$(inherited)",
					"@executable_path/Frameworks",
				);
				MARKETING_VERSION = 1.0;
				PRODUCT_BUNDLE_IDENTIFIER = com.forthenight.WingsJourney;
				PRODUCT_NAME = "$(TARGET_NAME)";
				SWIFT_EMIT_LOC_STRINGS = YES;
				SWIFT_VERSION = 5.0;
				TARGETED_DEVICE_FAMILY = "1,2";
			};
			name = Release;
		};
/* End XCBuildConfiguration section */

/* Begin XCConfigurationList section */
		75B385912A0430DE000A5CF0 /* Build configuration list for PBXProject "WingsJourney" */ = {
			isa = XCConfigurationList;
			buildConfigurations = (
				75B385A82A0430DF000A5CF0 /* Debug */,
				75B385A92A0430DF000A5CF0 /* Release */,
			);
			defaultConfigurationIsVisible = 0;
			defaultConfigurationName = Release;
		};
		75B385AA2A0430DF000A5CF0 /* Build configuration list for PBXNativeTarget "WingsJourney" */ = {
			isa = XCConfigurationList;
			buildConfigurations = (
				75B385AB2A0430DF000A5CF0 /* Debug */,
				75B385AC2A0430DF000A5CF0 /* Release */,
			);
			defaultConfigurationIsVisible = 0;
			defaultConfigurationName = Release;
		};
/* End XCConfigurationList section */
	};
	rootObject = 75B3858E2A0430DE000A5CF0 /* Project object */;
}
